
Microsoft Visual Studio Solution File, Format Version 12.00
# Visual Studio Version 16
VisualStudioVersion = 16.0.30907.101
MinimumVisualStudioVersion = 10.0.40219.1
Project("{FAE04EC0-301F-11D3-BF4B-00C04F79EFBC}") = "Сhecking network resources", "Сhecking network resources\Сhecking network resources.csproj", "{77457D94-23CA-45C6-ACB6-28047F8D3117}"
EndProject
Global
	GlobalSection(SolutionConfigurationPlatforms) = preSolution
		Debug|Any CPU = Debug|Any CPU
		Release|Any CPU = Release|Any CPU
	EndGlobalSection
	GlobalSection(ProjectConfigurationPlatforms) = postSolution
		{77457D94-23CA-45C6-ACB6-28047F8D3117}.Debug|Any CPU.ActiveCfg = Debug|Any CPU
		{77457D94-23CA-45C6-ACB6-28047F8D3117}.Debug|Any CPU.Build.0 = Debug|Any CPU
		{77457D94-23CA-45C6-ACB6-28047F8D3117}.Release|Any CPU.ActiveCfg = Release|Any CPU
		{77457D94-23CA-45C6-ACB6-28047F8D3117}.Release|Any CPU.Build.0 = Release|Any CPU
	EndGlobalSection
	GlobalSection(SolutionProperties) = preSolution
		HideSolutionNode = FALSE
	EndGlobalSection
	GlobalSection(ExtensibilityGlobals) = postSolution
		SolutionGuid = {6F20528F-BB8E-4D90-AFBE-642D495F85FF}
	EndGlobalSection
EndGlobal
